
Microsoft Visual Studio Solution File, Format Version 12.00
# Visual Studio Version 16
VisualStudioVersion = 16.0.31112.23
MinimumVisualStudioVersion = 10.0.40219.1
Project("{FAE04EC0-301F-11D3-BF4B-00C04F79EFBC}") = "EmailClientWpf", "EmailClientWpf.csproj", "{A40206DE-2332-4CF9-91FD-6AA2BE2E95B1}"
EndProject
Global
	GlobalSection(SolutionConfigurationPlatforms) = preSolution
		Debug|Any CPU = Debug|Any CPU
		Release|Any CPU = Release|Any CPU
	EndGlobalSection
	GlobalSection(ProjectConfigurationPlatforms) = postSolution
		{A40206DE-2332-4CF9-91FD-6AA2BE2E95B1}.Debug|Any CPU.ActiveCfg = Debug|Any CPU
		{A40206DE-2332-4CF9-91FD-6AA2BE2E95B1}.Debug|Any CPU.Build.0 = Debug|Any CPU
		{A40206DE-2332-4CF9-91FD-6AA2BE2E95B1}.Release|Any CPU.ActiveCfg = Release|Any CPU
		{A40206DE-2332-4CF9-91FD-6AA2BE2E95B1}.Release|Any CPU.Build.0 = Release|Any CPU
	EndGlobalSection
	GlobalSection(SolutionProperties) = preSolution
		HideSolutionNode = FALSE
	EndGlobalSection
	GlobalSection(ExtensibilityGlobals) = postSolution
		SolutionGuid = {126AD05B-1C1D-49E1-9306-7B493A7842D2}
	EndGlobalSection
EndGlobal
